
Microsoft Visual Studio Solution File, Format Version 12.00
# Visual Studio Version 17
VisualStudioVersion = 17.4.33110.190
MinimumVisualStudioVersion = 10.0.40219.1
Project("{FAE04EC0-301F-11D3-BF4B-00C04F79EFBC}") = "CodeSignalExercices", "CodeSignalExercices\CodeSignalExercices.csproj", "{95711C37-AB6C-4F64-9833-179137C8AA1B}"
EndProject
Global
	GlobalSection(SolutionConfigurationPlatforms) = preSolution
		Debug|Any CPU = Debug|Any CPU
		Release|Any CPU = Release|Any CPU
	EndGlobalSection
	GlobalSection(ProjectConfigurationPlatforms) = postSolution
		{95711C37-AB6C-4F64-9833-179137C8AA1B}.Debug|Any CPU.ActiveCfg = Debug|Any CPU
		{95711C37-AB6C-4F64-9833-179137C8AA1B}.Debug|Any CPU.Build.0 = Debug|Any CPU
		{95711C37-AB6C-4F64-9833-179137C8AA1B}.Release|Any CPU.ActiveCfg = Release|Any CPU
		{95711C37-AB6C-4F64-9833-179137C8AA1B}.Release|Any CPU.Build.0 = Release|Any CPU
	EndGlobalSection
	GlobalSection(SolutionProperties) = preSolution
		HideSolutionNode = FALSE
	EndGlobalSection
	GlobalSection(ExtensibilityGlobals) = postSolution
		SolutionGuid = {0CE0854F-A0DA-4FB0-BD78-8F4FA3CB3945}
	EndGlobalSection
EndGlobal
